# THIS IS AN AUTOGENERATED FILE. DO NOT EDIT THIS FILE DIRECTLY.
# yarn lockfile v1


typescript@^2.6.2:
  version "2.6.2"
  resolved "https://registry.yarnpkg.com/typescript/-/typescript-2.6.2.tgz#3c5b6fd7f6de0914269027f03c0946758f7673a4"

unicode-tr51@^9.0.0:
  version "9.0.0"
  resolved "https://registry.yarnpkg.com/unicode-tr51/-/unicode-tr51-9.0.0.tgz#16a5a5e5eca60e258c73f0fa50bfe5e0f9397758"
